# This file is automatically @generated by Poetry 1.8.4 and should not be changed by hand.

[[package]]
name = "robot"
version = "20071211"
description = "Django application for Request Tracking"
optional = false
python-versions = "*"
files = [
    {file = "robot-20071211.tar.gz", hash = "sha256:b8f040c5a319c4ac6a2ecc09f4c1b6578be9bf3db74a1441534b08336088d406"},
]

[[package]]
name = "robotframework"
version = "6.1.1"
description = "Generic automation framework for acceptance testing and robotic process automation (RPA)"
optional = false
python-versions = ">=3.6"
files = [
    {file = "robotframework-6.1.1-py3-none-any.whl", hash = "sha256:ee0d512d557e72ed760dd075525f6226baaab309010a48f9c9bf1f416ca434f7"},
    {file = "robotframework-6.1.1.zip", hash = "sha256:3fa18f2596a4df2418c4b59abf43248327c15ed38ad8665f6a9a9c75c95d7789"},
]

[metadata]
lock-version = "2.0"
python-versions = "^3.10"
content-hash = "4e194475f9ee8f2bc411c929340f4c3c2bd77b2aa9efdd51ed7bd3be08f60f9f"
